
Microsoft Visual Studio Solution File, Format Version 12.00
# Visual Studio Version 17
VisualStudioVersion = 17.7.34003.232
MinimumVisualStudioVersion = 10.0.40219.1
Project("{9A19103F-16F7-4668-BE54-9A1E7A4F7556}") = "blazor", "blazor.csproj", "{1F394C91-BDF5-41FC-BE79-04ECC39DA741}"
EndProject
Global
	GlobalSection(SolutionConfigurationPlatforms) = preSolution
		Debug|Any CPU = Debug|Any CPU
		Release|Any CPU = Release|Any CPU
	EndGlobalSection
	GlobalSection(ProjectConfigurationPlatforms) = postSolution
		{1F394C91-BDF5-41FC-BE79-04ECC39DA741}.Debug|Any CPU.ActiveCfg = Debug|Any CPU
		{1F394C91-BDF5-41FC-BE79-04ECC39DA741}.Debug|Any CPU.Build.0 = Debug|Any CPU
		{1F394C91-BDF5-41FC-BE79-04ECC39DA741}.Release|Any CPU.ActiveCfg = Release|Any CPU
		{1F394C91-BDF5-41FC-BE79-04ECC39DA741}.Release|Any CPU.Build.0 = Release|Any CPU
	EndGlobalSection
	GlobalSection(SolutionProperties) = preSolution
		HideSolutionNode = FALSE
	EndGlobalSection
	GlobalSection(ExtensibilityGlobals) = postSolution
		SolutionGuid = {B0BB3B9F-5F0D-4455-89B2-AE85991E2BCB}
	EndGlobalSection
EndGlobal
